# THIS IS AN AUTOGENERATED FILE. DO NOT EDIT THIS FILE DIRECTLY.
# yarn lockfile v1


fp-ts@2.12.0:
  version "2.12.0"
  resolved "https://registry.yarnpkg.com/fp-ts/-/fp-ts-2.12.0.tgz#6a0c9e99f69576aaa5a6c94c1284ba977f5569b7"
  integrity sha512-ZIMpTxc4Vadj3gs3Geg4tohB7eSkC125TA7ZH2ddEcREmjpjpbq6wUxWQmFFfAOCRWEkljh3BPLZGBVj9HB9Xw==

io-ts@2.2.16:
  version "2.2.16"
  resolved "https://registry.yarnpkg.com/io-ts/-/io-ts-2.2.16.tgz#597dffa03db1913fc318c9c6df6931cb4ed808b2"
  integrity sha512-y5TTSa6VP6le0hhmIyN0dqEXkrZeJLeC5KApJq6VLci3UEKF80lZ+KuoUs02RhBxNWlrqSNxzfI7otLX1Euv8Q==

typescript@4.7.0-dev.20220422:
  version "4.7.0-dev.20220422"
  resolved "https://registry.yarnpkg.com/typescript/-/typescript-4.7.0-dev.20220422.tgz#19dccf6adb94ebf87c5e1cc13d85ee8b5c54621d"
  integrity sha512-Kqw1BNhbhJ+Gvg+Mydh9mcb+hCHfoflVpA+H6pnSdcUxAT7kLMj+kna0IX35J1cHsogZolaiLKM8G3FJnZcURQ==
